
Microsoft Visual Studio Solution File, Format Version 12.00
# Visual Studio Version 16
VisualStudioVersion = 16.0.30011.22
MinimumVisualStudioVersion = 10.0.40219.1
Project("{FAE04EC0-301F-11D3-BF4B-00C04F79EFBC}") = "API_CRUD_CORE", "API_CRUD_CORE\API_CRUD_CORE.csproj", "{05F4C432-3904-41E1-951A-F2B189B05296}"
EndProject
Global
	GlobalSection(SolutionConfigurationPlatforms) = preSolution
		Debug|Any CPU = Debug|Any CPU
		Release|Any CPU = Release|Any CPU
	EndGlobalSection
	GlobalSection(ProjectConfigurationPlatforms) = postSolution
		{05F4C432-3904-41E1-951A-F2B189B05296}.Debug|Any CPU.ActiveCfg = Debug|Any CPU
		{05F4C432-3904-41E1-951A-F2B189B05296}.Debug|Any CPU.Build.0 = Debug|Any CPU
		{05F4C432-3904-41E1-951A-F2B189B05296}.Release|Any CPU.ActiveCfg = Release|Any CPU
		{05F4C432-3904-41E1-951A-F2B189B05296}.Release|Any CPU.Build.0 = Release|Any CPU
	EndGlobalSection
	GlobalSection(SolutionProperties) = preSolution
		HideSolutionNode = FALSE
	EndGlobalSection
	GlobalSection(ExtensibilityGlobals) = postSolution
		SolutionGuid = {80B72A7C-CB6D-4807-96FD-418FA050CE3B}
	EndGlobalSection
EndGlobal
